// !$*UTF8*$!
{
	archiveVersion = 1;
	classes = {
	};
	objectVersion = 50;
	objects = {

/* Begin PBXBuildFile section */
		820C06912689D61A001B3E0B /* DetailVC.swift in Sources */ = {isa = PBXBuildFile; fileRef = 820C06902689D61A001B3E0B /* DetailVC.swift */; };
		820C06952689F77D001B3E0B /* Main.storyboard in Resources */ = {isa = PBXBuildFile; fileRef = 820C06942689F77D001B3E0B /* Main.storyboard */; };
		82128A722683089A001FF95B /* AppDelegate.swift in Sources */ = {isa = PBXBuildFile; fileRef = 82128A712683089A001FF95B /* AppDelegate.swift */; };
		82128A742683089A001FF95B /* SceneDelegate.swift in Sources */ = {isa = PBXBuildFile; fileRef = 82128A732683089A001FF95B /* SceneDelegate.swift */; };
		82128A762683089A001FF95B /* LoginVC.swift in Sources */ = {isa = PBXBuildFile; fileRef = 82128A752683089A001FF95B /* LoginVC.swift */; };
		82128A7B2683089D001FF95B /* Assets.xcassets in Resources */ = {isa = PBXBuildFile; fileRef = 82128A7A2683089D001FF95B /* Assets.xcassets */; };
		82128A7E2683089D001FF95B /* LaunchScreen.storyboard in Resources */ = {isa = PBXBuildFile; fileRef = 82128A7C2683089D001FF95B /* LaunchScreen.storyboard */; };
		82128A87268308DA001FF95B /* Extensions.swift in Sources */ = {isa = PBXBuildFile; fileRef = 82128A86268308DA001FF95B /* Extensions.swift */; };
		82128A892683153A001FF95B /* HomeVC.swift in Sources */ = {isa = PBXBuildFile; fileRef = 82128A882683153A001FF95B /* HomeVC.swift */; };
		821EE38F2688E3DA009DFDFE /* cells.swift in Sources */ = {isa = PBXBuildFile; fileRef = 821EE38E2688E3DA009DFDFE /* cells.swift */; };
/* End PBXBuildFile section */

/* Begin PBXFileReference section */
		820C06902689D61A001B3E0B /* DetailVC.swift */ = {isa = PBXFileReference; lastKnownFileType = sourcecode.swift; path = DetailVC.swift; sourceTree = "<group>"; };
		820C06942689F77D001B3E0B /* Main.storyboard */ = {isa = PBXFileReference; lastKnownFileType = file.storyboard; path = Main.storyboard; sourceTree = "<group>"; };
		82128A6E2683089A001FF95B /* Recipe App.app */ = {isa = PBXFileReference; explicitFileType = wrapper.application; includeInIndex = 0; path = "Recipe App.app"; sourceTree = BUILT_PRODUCTS_DIR; };
		82128A712683089A001FF95B /* AppDelegate.swift */ = {isa = PBXFileReference; lastKnownFileType = sourcecode.swift; path = AppDelegate.swift; sourceTree = "<group>"; };
		82128A732683089A001FF95B /* SceneDelegate.swift */ = {isa = PBXFileReference; lastKnownFileType = sourcecode.swift; path = SceneDelegate.swift; sourceTree = "<group>"; };
		82128A752683089A001FF95B /* LoginVC.swift */ = {isa = PBXFileReference; lastKnownFileType = sourcecode.swift; path = LoginVC.swift; sourceTree = "<group>"; };
		82128A7A2683089D001FF95B /* Assets.xcassets */ = {isa = PBXFileReference; lastKnownFileType = folder.assetcatalog; path = Assets.xcassets; sourceTree = "<group>"; };
		82128A7D2683089D001FF95B /* Base */ = {isa = PBXFileReference; lastKnownFileType = file.storyboard; name = Base; path = Base.lproj/LaunchScreen.storyboard; sourceTree = "<group>"; };
		82128A7F2683089D001FF95B /* Info.plist */ = {isa = PBXFileReference; lastKnownFileType = text.plist.xml; path = Info.plist; sourceTree = "<group>"; };
		82128A86268308DA001FF95B /* Extensions.swift */ = {isa = PBXFileReference; lastKnownFileType = sourcecode.swift; path = Extensions.swift; sourceTree = "<group>"; };
		82128A882683153A001FF95B /* HomeVC.swift */ = {isa = PBXFileReference; lastKnownFileType = sourcecode.swift; path = HomeVC.swift; sourceTree = "<group>"; };
		821EE38E2688E3DA009DFDFE /* cells.swift */ = {isa = PBXFileReference; lastKnownFileType = sourcecode.swift; path = cells.swift; sourceTree = "<group>"; };
/* End PBXFileReference section */

/* Begin PBXFrameworksBuildPhase section */
		82128A6B2683089A001FF95B /* Frameworks */ = {
			isa = PBXFrameworksBuildPhase;
			buildActionMask = 2147483647;
			files = (
			);
			runOnlyForDeploymentPostprocessing = 0;
		};
/* End PBXFrameworksBuildPhase section */

/* Begin PBXGroup section */
		82128A652683089A001FF95B = {
			isa = PBXGroup;
			children = (
				82128A85268308B5001FF95B /* Extra */,
				82128A702683089A001FF95B /* Recipe App */,
				82128A6F2683089A001FF95B /* Products */,
			);
			sourceTree = "<group>";
		};
		82128A6F2683089A001FF95B /* Products */ = {
			isa = PBXGroup;
			children = (
				82128A6E2683089A001FF95B /* Recipe App.app */,
			);
			name = Products;
			sourceTree = "<group>";
		};
		82128A702683089A001FF95B /* Recipe App */ = {
			isa = PBXGroup;
			children = (
				82128A7A2683089D001FF95B /* Assets.xcassets */,
				82128A7C2683089D001FF95B /* LaunchScreen.storyboard */,
				820C06942689F77D001B3E0B /* Main.storyboard */,
				82128A7F2683089D001FF95B /* Info.plist */,
				82128A752683089A001FF95B /* LoginVC.swift */,
				82128A882683153A001FF95B /* HomeVC.swift */,
				821EE38E2688E3DA009DFDFE /* cells.swift */,
				820C06902689D61A001B3E0B /* DetailVC.swift */,
			);
			path = "Recipe App";
			sourceTree = "<group>";
		};
		82128A85268308B5001FF95B /* Extra */ = {
			isa = PBXGroup;
			children = (
				82128A712683089A001FF95B /* AppDelegate.swift */,
				82128A732683089A001FF95B /* SceneDelegate.swift */,
				82128A86268308DA001FF95B /* Extensions.swift */,
			);
			path = Extra;
			sourceTree = "<group>";
		};
/* End PBXGroup section */

/* Begin PBXNativeTarget section */
		82128A6D2683089A001FF95B /* Recipe App */ = {
			isa = PBXNativeTarget;
			buildConfigurationList = 82128A822683089D001FF95B /* Build configuration list for PBXNativeTarget "Recipe App" */;
			buildPhases = (
				82128A6A2683089A001FF95B /* Sources */,
				82128A6B2683089A001FF95B /* Frameworks */,
				82128A6C2683089A001FF95B /* Resources */,
			);
			buildRules = (
			);
			dependencies = (
			);
			name = "Recipe App";
			productName = "Recipe App";
			productReference = 82128A6E2683089A001FF95B /* Recipe App.app */;
			productType = "com.apple.product-type.application";
		};
/* End PBXNativeTarget section */

/* Begin PBXProject section */
		82128A662683089A001FF95B /* Project object */ = {
			isa = PBXProject;
			attributes = {
				LastSwiftUpdateCheck = 1130;
				LastUpgradeCheck = 1130;
				ORGANIZATIONNAME = "Akshay Jangir";
				TargetAttributes = {
					82128A6D2683089A001FF95B = {
						CreatedOnToolsVersion = 11.3.1;
					};
				};
			};
			buildConfigurationList = 82128A692683089A001FF95B /* Build configuration list for PBXProject "Recipe App" */;
			compatibilityVersion = "Xcode 9.3";
			developmentRegion = en;
			hasScannedForEncodings = 0;
			knownRegions = (
				en,
				Base,
			);
			mainGroup = 82128A652683089A001FF95B;
			productRefGroup = 82128A6F2683089A001FF95B /* Products */;
			projectDirPath = "";
			projectRoot = "";
			targets = (
				82128A6D2683089A001FF95B /* Recipe App */,
			);
		};
/* End PBXProject section */

/* Begin PBXResourcesBuildPhase section */
		82128A6C2683089A001FF95B /* Resources */ = {
			isa = PBXResourcesBuildPhase;
			buildActionMask = 2147483647;
			files = (
				82128A7E2683089D001FF95B /* LaunchScreen.storyboard in Resources */,
				82128A7B2683089D001FF95B /* Assets.xcassets in Resources */,
				820C06952689F77D001B3E0B /* Main.storyboard in Resources */,
			);
			runOnlyForDeploymentPostprocessing = 0;
		};
/* End PBXResourcesBuildPhase section */

/* Begin PBXSourcesBuildPhase section */
		82128A6A2683089A001FF95B /* Sources */ = {
			isa = PBXSourcesBuildPhase;
			buildActionMask = 2147483647;
			files = (
				82128A762683089A001FF95B /* LoginVC.swift in Sources */,
				82128A892683153A001FF95B /* HomeVC.swift in Sources */,
				821EE38F2688E3DA009DFDFE /* cells.swift in Sources */,
				82128A722683089A001FF95B /* AppDelegate.swift in Sources */,
				82128A742683089A001FF95B /* SceneDelegate.swift in Sources */,
				82128A87268308DA001FF95B /* Extensions.swift in Sources */,
				820C06912689D61A001B3E0B /* DetailVC.swift in Sources */,
			);
			runOnlyForDeploymentPostprocessing = 0;
		};
/* End PBXSourcesBuildPhase section */

/* Begin PBXVariantGroup section */
		82128A7C2683089D001FF95B /* LaunchScreen.storyboard */ = {
			isa = PBXVariantGroup;
			children = (
				82128A7D2683089D001FF95B /* Base */,
			);
			name = LaunchScreen.storyboard;
			sourceTree = "<group>";
		};
/* End PBXVariantGroup section */

/* Begin XCBuildConfiguration section */
		82128A802683089D001FF95B /* Debug */ = {
			isa = XCBuildConfiguration;
			buildSettings = {
				ALWAYS_SEARCH_USER_PATHS = NO;
				CLANG_ANALYZER_NONNULL = YES;
				CLANG_ANALYZER_NUMBER_OBJECT_CONVERSION = YES_AGGRESSIVE;
				CLANG_CXX_LANGUAGE_STANDARD = "gnu++14";
				CLANG_CXX_LIBRARY = "libc++";
				CLANG_ENABLE_MODULES = YES;
				CLANG_ENABLE_OBJC_ARC = YES;
				CLANG_ENABLE_OBJC_WEAK = YES;
				CLANG_WARN_BLOCK_CAPTURE_AUTORELEASING = YES;
				CLANG_WARN_BOOL_CONVERSION = YES;
				CLANG_WARN_COMMA = YES;
				CLANG_WARN_CONSTANT_CONVERSION = YES;
				CLANG_WARN_DEPRECATED_OBJC_IMPLEMENTATIONS = YES;
				CLANG_WARN_DIRECT_OBJC_ISA_USAGE = YES_ERROR;
				CLANG_WARN_DOCUMENTATION_COMMENTS = YES;
				CLANG_WARN_EMPTY_BODY = YES;
				CLANG_WARN_ENUM_CONVERSION = YES;
				CLANG_WARN_INFINITE_RECURSION = YES;
				CLANG_WARN_INT_CONVERSION = YES;
				CLANG_WARN_NON_LITERAL_NULL_CONVERSION = YES;
				CLANG_WARN_OBJC_IMPLICIT_RETAIN_SELF = YES;
				CLANG_WARN_OBJC_LITERAL_CONVERSION = YES;
				CLANG_WARN_OBJC_ROOT_CLASS = YES_ERROR;
				CLANG_WARN_RANGE_LOOP_ANALYSIS = YES;
				CLANG_WARN_STRICT_PROTOTYPES = YES;
				CLANG_WARN_SUSPICIOUS_MOVE = YES;
				CLANG_WARN_UNGUARDED_AVAILABILITY = YES_AGGRESSIVE;
				CLANG_WARN_UNREACHABLE_CODE = YES;
				CLANG_WARN__DUPLICATE_METHOD_MATCH = YES;
				COPY_PHASE_STRIP = NO;
				DEBUG_INFORMATION_FORMAT = dwarf;
				ENABLE_STRICT_OBJC_MSGSEND = YES;
				ENABLE_TESTABILITY = YES;
				GCC_C_LANGUAGE_STANDARD = gnu11;
				GCC_DYNAMIC_NO_PIC = NO;
				GCC_NO_COMMON_BLOCKS = YES;
				GCC_OPTIMIZATION_LEVEL = 0;
				GCC_PREPROCESSOR_DEFINITIONS = (
					"DEBUG=1",
					"$(inherited)",
				);
				GCC_WARN_64_TO_32_BIT_CONVERSION = YES;
				GCC_WARN_ABOUT_RETURN_TYPE = YES_ERROR;
				GCC_WARN_UNDECLARED_SELECTOR = YES;
				GCC_WARN_UNINITIALIZED_AUTOS = YES_AGGRESSIVE;
				GCC_WARN_UNUSED_FUNCTION = YES;
				GCC_WARN_UNUSED_VARIABLE = YES;
				IPHONEOS_DEPLOYMENT_TARGET = 13.2;
				MTL_ENABLE_DEBUG_INFO = INCLUDE_SOURCE;
				MTL_FAST_MATH = YES;
				ONLY_ACTIVE_ARCH = YES;
				SDKROOT = iphoneos;
				SWIFT_ACTIVE_COMPILATION_CONDITIONS = DEBUG;
				SWIFT_OPTIMIZATION_LEVEL = "-Onone";
			};
			name = Debug;
		};
		82128A812683089D001FF95B /* Release */ = {
			isa = XCBuildConfiguration;
			buildSettings = {
				ALWAYS_SEARCH_USER_PATHS = NO;
				CLANG_ANALYZER_NONNULL = YES;
				CLANG_ANALYZER_NUMBER_OBJECT_CONVERSION = YES_AGGRESSIVE;
				CLANG_CXX_LANGUAGE_STANDARD = "gnu++14";
				CLANG_CXX_LIBRARY = "libc++";
				CLANG_ENABLE_MODULES = YES;
				CLANG_ENABLE_OBJC_ARC = YES;
				CLANG_ENABLE_OBJC_WEAK = YES;
				CLANG_WARN_BLOCK_CAPTURE_AUTORELEASING = YES;
				CLANG_WARN_BOOL_CONVERSION = YES;
				CLANG_WARN_COMMA = YES;
				CLANG_WARN_CONSTANT_CONVERSION = YES;
				CLANG_WARN_DEPRECATED_OBJC_IMPLEMENTATIONS = YES;
				CLANG_WARN_DIRECT_OBJC_ISA_USAGE = YES_ERROR;
				CLANG_WARN_DOCUMENTATION_COMMENTS = YES;
				CLANG_WARN_EMPTY_BODY = YES;
				CLANG_WARN_ENUM_CONVERSION = YES;
				CLANG_WARN_INFINITE_RECURSION = YES;
				CLANG_WARN_INT_CONVERSION = YES;
				CLANG_WARN_NON_LITERAL_NULL_CONVERSION = YES;
				CLANG_WARN_OBJC_IMPLICIT_RETAIN_SELF = YES;
				CLANG_WARN_OBJC_LITERAL_CONVERSION = YES;
				CLANG_WARN_OBJC_ROOT_CLASS = YES_ERROR;
				CLANG_WARN_RANGE_LOOP_ANALYSIS = YES;
				CLANG_WARN_STRICT_PROTOTYPES = YES;
				CLANG_WARN_SUSPICIOUS_MOVE = YES;
				CLANG_WARN_UNGUARDED_AVAILABILITY = YES_AGGRESSIVE;
				CLANG_WARN_UNREACHABLE_CODE = YES;
				CLANG_WARN__DUPLICATE_METHOD_MATCH = YES;
				COPY_PHASE_STRIP = NO;
				DEBUG_INFORMATION_FORMAT = "dwarf-with-dsym";
				ENABLE_NS_ASSERTIONS = NO;
				ENABLE_STRICT_OBJC_MSGSEND = YES;
				GCC_C_LANGUAGE_STANDARD = gnu11;
				GCC_NO_COMMON_BLOCKS = YES;
				GCC_WARN_64_TO_32_BIT_CONVERSION = YES;
				GCC_WARN_ABOUT_RETURN_TYPE = YES_ERROR;
				GCC_WARN_UNDECLARED_SELECTOR = YES;
				GCC_WARN_UNINITIALIZED_AUTOS = YES_AGGRESSIVE;
				GCC_WARN_UNUSED_FUNCTION = YES;
				GCC_WARN_UNUSED_VARIABLE = YES;
				IPHONEOS_DEPLOYMENT_TARGET = 13.2;
				MTL_ENABLE_DEBUG_INFO = NO;
				MTL_FAST_MATH = YES;
				SDKROOT = iphoneos;
				SWIFT_COMPILATION_MODE = wholemodule;
				SWIFT_OPTIMIZATION_LEVEL = "-O";
				VALIDATE_PRODUCT = YES;
			};
			name = Release;
		};
		82128A832683089D001FF95B /* Debug */ = {
			isa = XCBuildConfiguration;
			buildSettings = {
				ASSETCATALOG_COMPILER_APPICON_NAME = AppIcon;
				CODE_SIGN_STYLE = Automatic;
				INFOPLIST_FILE = "Recipe App/Info.plist";
				LD_RUNPATH_SEARCH_PATHS = (
					"$(inherited)",
					"@executable_path/Frameworks",
				);
				PRODUCT_BUNDLE_IDENTIFIER = "vnsgu.Recipe-App";
				PRODUCT_NAME = "$(TARGET_NAME)";
				SWIFT_VERSION = 5.0;
				TARGETED_DEVICE_FAMILY = "1,2";
			};
			name = Debug;
		};
		82128A842683089D001FF95B /* Release */ = {
			isa = XCBuildConfiguration;
			buildSettings = {
				ASSETCATALOG_COMPILER_APPICON_NAME = AppIcon;
				CODE_SIGN_STYLE = Automatic;
				INFOPLIST_FILE = "Recipe App/Info.plist";
				LD_RUNPATH_SEARCH_PATHS = (
					"$(inherited)",
					"@executable_path/Frameworks",
				);
				PRODUCT_BUNDLE_IDENTIFIER = "vnsgu.Recipe-App";
				PRODUCT_NAME = "$(TARGET_NAME)";
				SWIFT_VERSION = 5.0;
				TARGETED_DEVICE_FAMILY = "1,2";
			};
			name = Release;
		};
/* End XCBuildConfiguration section */

/* Begin XCConfigurationList section */
		82128A692683089A001FF95B /* Build configuration list for PBXProject "Recipe App" */ = {
			isa = XCConfigurationList;
			buildConfigurations = (
				82128A802683089D001FF95B /* Debug */,
				82128A812683089D001FF95B /* Release */,
			);
			defaultConfigurationIsVisible = 0;
			defaultConfigurationName = Release;
		};
		82128A822683089D001FF95B /* Build configuration list for PBXNativeTarget "Recipe App" */ = {
			isa = XCConfigurationList;
			buildConfigurations = (
				82128A832683089D001FF95B /* Debug */,
				82128A842683089D001FF95B /* Release */,
			);
			defaultConfigurationIsVisible = 0;
			defaultConfigurationName = Release;
		};
/* End XCConfigurationList section */
	};
	rootObject = 82128A662683089A001FF95B /* Project object */;
}
